
Microsoft Visual Studio Solution File, Format Version 10.00
# Visual Studio 2008
Project("{8BC9CEB8-8B4A-11D0-8D11-00A0C91BC942}") = "taekwindow", "src\taekwindow.vcproj", "{D123F33E-D34D-4B7C-89C2-A5DC286B90ED}"
EndProject
Project("{8BC9CEB8-8B4A-11D0-8D11-00A0C91BC942}") = "package", "package\package.vcproj", "{CBC0C2E9-8EAA-4289-9E85-846563C692E5}"
	ProjectSection(ProjectDependencies) = postProject
		{D123F33E-D34D-4B7C-89C2-A5DC286B90ED} = {D123F33E-D34D-4B7C-89C2-A5DC286B90ED}
		{7265A9F3-5EF5-49B6-AA5F-DC55E7EF7153} = {7265A9F3-5EF5-49B6-AA5F-DC55E7EF7153}
	EndProjectSection
EndProject
Project("{8BC9CEB8-8B4A-11D0-8D11-00A0C91BC942}") = "doc", "doc\doc.vcproj", "{7265A9F3-5EF5-49B6-AA5F-DC55E7EF7153}"
EndProject
Project("{8BC9CEB8-8B4A-11D0-8D11-00A0C91BC942}") = "website", "website\website.vcproj", "{8DBAF0D4-72BF-42C0-B94C-439E5AA27E57}"
EndProject
Project("{8BC9CEB8-8B4A-11D0-8D11-00A0C91BC942}") = "common", "common.vcproj", "{AC01F60A-7AF8-44BD-9499-6C09E4740F12}"
EndProject
Global
	GlobalSection(SolutionConfigurationPlatforms) = preSolution
		Debug|Win32 = Debug|Win32
		Release|Win32 = Release|Win32
	EndGlobalSection
	GlobalSection(ProjectConfigurationPlatforms) = postSolution
		{D123F33E-D34D-4B7C-89C2-A5DC286B90ED}.Debug|Win32.ActiveCfg = Debug|Win32
		{D123F33E-D34D-4B7C-89C2-A5DC286B90ED}.Debug|Win32.Build.0 = Debug|Win32
		{D123F33E-D34D-4B7C-89C2-A5DC286B90ED}.Release|Win32.ActiveCfg = Release|Win32
		{D123F33E-D34D-4B7C-89C2-A5DC286B90ED}.Release|Win32.Build.0 = Release|Win32
		{CBC0C2E9-8EAA-4289-9E85-846563C692E5}.Debug|Win32.ActiveCfg = Debug|Win32
		{CBC0C2E9-8EAA-4289-9E85-846563C692E5}.Release|Win32.ActiveCfg = Release|Win32
		{CBC0C2E9-8EAA-4289-9E85-846563C692E5}.Release|Win32.Build.0 = Release|Win32
		{7265A9F3-5EF5-49B6-AA5F-DC55E7EF7153}.Debug|Win32.ActiveCfg = Debug|Win32
		{7265A9F3-5EF5-49B6-AA5F-DC55E7EF7153}.Release|Win32.ActiveCfg = Release|Win32
		{7265A9F3-5EF5-49B6-AA5F-DC55E7EF7153}.Release|Win32.Build.0 = Release|Win32
		{8DBAF0D4-72BF-42C0-B94C-439E5AA27E57}.Debug|Win32.ActiveCfg = Debug|Win32
		{8DBAF0D4-72BF-42C0-B94C-439E5AA27E57}.Release|Win32.ActiveCfg = Release|Win32
		{8DBAF0D4-72BF-42C0-B94C-439E5AA27E57}.Release|Win32.Build.0 = Release|Win32
		{AC01F60A-7AF8-44BD-9499-6C09E4740F12}.Debug|Win32.ActiveCfg = Debug|Win32
		{AC01F60A-7AF8-44BD-9499-6C09E4740F12}.Release|Win32.ActiveCfg = Release|Win32
	EndGlobalSection
	GlobalSection(SolutionProperties) = preSolution
		HideSolutionNode = FALSE
	EndGlobalSection
EndGlobal
